
Microsoft Visual Studio Solution File, Format Version 12.00
# Visual Studio Version 16
VisualStudioVersion = 16.0.29123.88
MinimumVisualStudioVersion = 10.0.40219.1
Project("{FAE04EC0-301F-11D3-BF4B-00C04F79EFBC}") = "proy3", "proy3\proy3.csproj", "{8AE664A6-D951-4541-A5F8-DE3E393FE285}"
EndProject
Project("{FAE04EC0-301F-11D3-BF4B-00C04F79EFBC}") = "model", "model\model.csproj", "{6E41FF82-57FA-44BF-A817-313CAED90F41}"
EndProject
Global
	GlobalSection(SolutionConfigurationPlatforms) = preSolution
		Debug|Any CPU = Debug|Any CPU
		Release|Any CPU = Release|Any CPU
	EndGlobalSection
	GlobalSection(ProjectConfigurationPlatforms) = postSolution
		{8AE664A6-D951-4541-A5F8-DE3E393FE285}.Debug|Any CPU.ActiveCfg = Debug|Any CPU
		{8AE664A6-D951-4541-A5F8-DE3E393FE285}.Debug|Any CPU.Build.0 = Debug|Any CPU
		{8AE664A6-D951-4541-A5F8-DE3E393FE285}.Release|Any CPU.ActiveCfg = Release|Any CPU
		{8AE664A6-D951-4541-A5F8-DE3E393FE285}.Release|Any CPU.Build.0 = Release|Any CPU
		{6E41FF82-57FA-44BF-A817-313CAED90F41}.Debug|Any CPU.ActiveCfg = Debug|Any CPU
		{6E41FF82-57FA-44BF-A817-313CAED90F41}.Debug|Any CPU.Build.0 = Debug|Any CPU
		{6E41FF82-57FA-44BF-A817-313CAED90F41}.Release|Any CPU.ActiveCfg = Release|Any CPU
		{6E41FF82-57FA-44BF-A817-313CAED90F41}.Release|Any CPU.Build.0 = Release|Any CPU
	EndGlobalSection
	GlobalSection(SolutionProperties) = preSolution
		HideSolutionNode = FALSE
	EndGlobalSection
	GlobalSection(ExtensibilityGlobals) = postSolution
		SolutionGuid = {DC99C19A-1FAD-40AC-88CA-F265F503331D}
	EndGlobalSection
EndGlobal
